
Microsoft Visual Studio Solution File, Format Version 12.00
# Visual Studio Version 17
VisualStudioVersion = 17.10.35013.160
MinimumVisualStudioVersion = 10.0.40219.1
Project("{FAE04EC0-301F-11D3-BF4B-00C04F79EFBC}") = "5", "5\5.csproj", "{6E7501A6-DE58-482A-A153-6C1F8731507B}"
EndProject
Global
	GlobalSection(SolutionConfigurationPlatforms) = preSolution
		Debug|Any CPU = Debug|Any CPU
		Release|Any CPU = Release|Any CPU
	EndGlobalSection
	GlobalSection(ProjectConfigurationPlatforms) = postSolution
		{6E7501A6-DE58-482A-A153-6C1F8731507B}.Debug|Any CPU.ActiveCfg = Debug|Any CPU
		{6E7501A6-DE58-482A-A153-6C1F8731507B}.Debug|Any CPU.Build.0 = Debug|Any CPU
		{6E7501A6-DE58-482A-A153-6C1F8731507B}.Release|Any CPU.ActiveCfg = Release|Any CPU
		{6E7501A6-DE58-482A-A153-6C1F8731507B}.Release|Any CPU.Build.0 = Release|Any CPU
	EndGlobalSection
	GlobalSection(SolutionProperties) = preSolution
		HideSolutionNode = FALSE
	EndGlobalSection
	GlobalSection(ExtensibilityGlobals) = postSolution
		SolutionGuid = {FA98E4A9-113C-421D-A752-806C2941112D}
	EndGlobalSection
EndGlobal
